lockfileVersion: '9.0'

settings:
  autoInstallPeers: true
  excludeLinksFromLockfile: false

importers:

  .:
    dependencies:
      '@supabase/ssr':
        specifier: 0.12.4
        version: 0.12.4(@supabase/supabase-js@2.112.2)
      '@supabase/supabase-js':
        specifier: 2.112.2
        version: 2.112.2
      next:
        specifier: 16.3.0
        version: 16.3.0(@types/node@26.2.0)(react-dom@19.2.8(react@19.2.8))(react@19.2.8)
      react:
        specifier: 19.2.8
        version: 19.2.8
      react-dom:
        specifier: 19.2.8
        version: 19.2.8(react@19.2.8)
    devDependencies:
      '@types/google.maps':
        specifier: 3.65.5
        version: 3.65.5
      '@types/node':
        specifier: 26.2.0
        version: 26.2.0
      '@types/react':
        specifier: 19.2.18
        version: 19.2.18
      '@types/react-dom':
        specifier: 19.2.4
        version: 19.2.4(@types/react@19.2.18)
      typescript:
        specifier: 7.0.2
        version: 7.0.2
      vercel:
        specifier: 58.9.0
        version: 58.9.0(@emnapi/core@1.11.3)(@emnapi/runtime@1.11.3)

packages:

  '@bytecodealliance/preview2-shim@0.17.6':
    resolution: {integrity: sha512-n3cM88gTen5980UOBAD6xDcNNL3ocTK8keab21bpx1ONdA+ARj7uD1qoFxOWCyKlkpSi195FH+GeAut7Oc6zZw==}

  '@edge-runtime/format@2.2.1':
    resolution: {integrity: sha512-JQTRVuiusQLNNLe2W9tnzBlV/GvSVcozLl4XZHk5swnRZ/v6jp8TqR8P7sqmJsQqblDZ3EztcWmLDbhRje/+8g==}
    engines: {node: '>=16'}

  '@edge-runtime/node-utils@2.3.0':
    resolution: {integrity: sha512-uUtx8BFoO1hNxtHjp3eqVPC/mWImGb2exOfGjMLUoipuWgjej+f4o/VP4bUI8U40gu7Teogd5VTeZUkGvJSPOQ==}
    engines: {node: '>=16'}

  '@edge-runtime/ponyfill@2.4.2':
    resolution: {integrity: sha512-oN17GjFr69chu6sDLvXxdhg0Qe8EZviGSuqzR9qOiKh4MhFYGdBBcqRNzdmYeAdeRzOW2mM9yil4RftUQ7sUOA==}
    engines: {node: '>=16'}

  '@edge-runtime/primitives@4.1.0':
    resolution: {integrity: sha512-Vw0lbJ2lvRUqc7/soqygUX216Xb8T3WBZ987oywz6aJqRxcwSVWwr9e+Nqo2m9bxobA9mdbWNNoRY6S9eko1EQ==}
    engines: {node: '>=16'}

  '@edge-runtime/vm@3.2.0':
    resolution: {integrity: sha512-0dEVyRLM/lG4gp1R/Ik5bfPl/1wX00xFwd5KcNH602tzBa09oF7pbTKETEhR1GjZ75K6OJnYFu8II2dyMhONMw==}
    engines: {node: '>=16'}

  '@emnapi/core@1.11.3':
    resolution: {integrity: sha512-zLpS5asjEb7lq8jYLq37N6XKaE41DIexlY1rF/z4/tIl3wo13Sqm28fRyfIsKZD+NZ8mM5RoKkpW/rBcuoSZSg==}

  '@emnapi/runtime@1.11.3':
    resolution: {integrity: sha512-Xz4Tpyki7XyrpbUK1jR1AhdAdaXyhhY4lZ3neLodmhpuWfy2PAQN5B46sAiU4liOXGLkHypn/qU+jvfWSCYYLA==}

  '@emnapi/wasi-threads@1.2.3':
    resolution: {integrity: sha512-ELEBe8PsLvvJ6QMr0zLt8ffvOHW/dc1m3CEzNMg7aJUv3bMaoDtw2TXyDAwkYBuroxxuHEwhRTLJSe5sya547g==}

  '@esbuild/aix-ppc64@0.27.0':
    resolution: {integrity: sha512-KuZrd2hRjz01y5JK9mEBSD3Vj3mbCvemhT466rSuJYeE/hjuBrHfjjcjMdTm/sz7au+++sdbJZJmuBwQLuw68A==}
    engines: {node: '>=18'}
    cpu: [ppc64]
    os: [aix]

  '@esbuild/android-arm64@0.27.0':
    resolution: {integrity: sha512-CC3vt4+1xZrs97/PKDkl0yN7w8edvU2vZvAFGD16n9F0Cvniy5qvzRXjfO1l94efczkkQE6g1x0i73Qf5uthOQ==}
    engines: {node: '>=18'}
    cpu: [arm64]
    os: [android]

  '@esbuild/android-arm@0.27.0':
    resolution: {integrity: sha512-j67aezrPNYWJEOHUNLPj9maeJte7uSMM6gMoxfPC9hOg8N02JuQi/T7ewumf4tNvJadFkvLZMlAq73b9uwdMyQ==}
    engines: {node: '>=18'}
    cpu: [arm]
    os: [android]

  '@esbuild/android-x64@0.27.0':
    resolution: {integrity: sha512-wurMkF1nmQajBO1+0CJmcN17U4BP6GqNSROP8t0X/Jiw2ltYGLHpEksp9MpoBqkrFR3kv2/te6Sha26k3+yZ9Q==}
    engines: {node: '>=18'}
    cpu: [x64]
    os: [android]

  '@esbuild/darwin-arm64@0.27.0':
    resolution: {integrity: sha512-uJOQKYCcHhg07DL7i8MzjvS2LaP7W7Pn/7uA0B5S1EnqAirJtbyw4yC5jQ5qcFjHK9l6o/MX9QisBg12kNkdHg==}
    engines: {node: '>=18'}
    cpu: [arm64]
    os: [darwin]

  '@esbuild/darwin-x64@0.27.0':
    resolution: {integrity: sha512-8mG6arH3yB/4ZXiEnXof5MK72dE6zM9cDvUcPtxhUZsDjESl9JipZYW60C3JGreKCEP+p8P/72r69m4AZGJd5g==}
    engines: {node: '>=18'}
    cpu: [x64]
    os: [darwin]

  '@esbuild/freebsd-arm64@0.27.0':
    resolution: {integrity: sha512-9FHtyO988CwNMMOE3YIeci+UV+x5Zy8fI2qHNpsEtSF83YPBmE8UWmfYAQg6Ux7Gsmd4FejZqnEUZCMGaNQHQw==}
    engines: {node: '>=18'}
    cpu: [arm64]
    os: [freebsd]

  '@esbuild/freebsd-x64@0.27.0':
    resolution: {integrity: sha512-zCMeMXI4HS/tXvJz8vWGexpZj2YVtRAihHLk1imZj4efx1BQzN76YFeKqlDr3bUWI26wHwLWPd3rwh6pe4EV7g==}
    engines: {node: '>=18'}
    cpu: [x64]
    os: [freebsd]

  '@esbuild/linux-arm64@0.27.0':
    resolution: {integrity: sha512-AS18v0V+vZiLJyi/4LphvBE+OIX682Pu7ZYNsdUHyUKSoRwdnOsMf6FDekwoAFKej14WAkOef3zAORJgAtXnlQ==}
    engines: {node: '>=18'}
    cpu: [arm64]
    os: [linux]

  '@esbuild/linux-arm@0.27.0':
    resolution: {integrity: sha512-t76XLQDpxgmq2cNXKTVEB7O7YMb42atj2Re2Haf45HkaUpjM2J0UuJZDuaGbPbamzZ7bawyGFUkodL+zcE+jvQ==}
    engines: {node: '>=18'}
    cpu: [arm]
    os: [linux]

  '@esbuild/linux-ia32@0.27.0':
    resolution: {integrity: sha512-Mz1jxqm/kfgKkc/KLHC5qIujMvnnarD9ra1cEcrs7qshTUSksPihGrWHVG5+osAIQ68577Zpww7SGapmzSt4Nw==}
    engines: {node: '>=18'}
    cpu: [ia32]
    os: [linux]

  '@esbuild/linux-loong64@0.27.0':
    resolution: {integrity: sha512-QbEREjdJeIreIAbdG2hLU1yXm1uu+LTdzoq1KCo4G4pFOLlvIspBm36QrQOar9LFduavoWX2msNFAAAY9j4BDg==}
    engines: {node: '>=18'}
    cpu: [loong64]
    os: [linux]

  '@esbuild/linux-mips64el@0.27.0':
    resolution: {integrity: sha512-sJz3zRNe4tO2wxvDpH/HYJilb6+2YJxo/ZNbVdtFiKDufzWq4JmKAiHy9iGoLjAV7r/W32VgaHGkk35cUXlNOg==}
    engines: {node: '>=18'}
    cpu: [mips64el]
    os: [linux]

  '@esbuild/linux-ppc64@0.27.0':
    resolution: {integrity: sha512-z9N10FBD0DCS2dmSABDBb5TLAyF1/ydVb+N4pi88T45efQ/w4ohr/F/QYCkxDPnkhkp6AIpIcQKQ8F0ANoA2JA==}
    engines: {node: '>=18'}
    cpu: [ppc64]
    os: [linux]

  '@esbuild/linux-riscv64@0.27.0':
    resolution: {integrity: sha512-pQdyAIZ0BWIC5GyvVFn5awDiO14TkT/19FTmFcPdDec94KJ1uZcmFs21Fo8auMXzD4Tt+diXu1LW1gHus9fhFQ==}
    engines: {node: '>=18'}
    cpu: [riscv64]
    os: [linux]

  '@esbuild/linux-s390x@0.27.0':
    resolution: {integrity: sha512-hPlRWR4eIDDEci953RI1BLZitgi5uqcsjKMxwYfmi4LcwyWo2IcRP+lThVnKjNtk90pLS8nKdroXYOqW+QQH+w==}
    engines: {node: '>=18'}
    cpu: [s390x]
    os: [linux]

  '@esbuild/linux-x64@0.27.0':
    resolution: {integrity: sha512-1hBWx4OUJE2cab++aVZ7pObD6s+DK4mPGpemtnAORBvb5l/g5xFGk0vc0PjSkrDs0XaXj9yyob3d14XqvnQ4gw==}
    engines: {node: '>=18'}
    cpu: [x64]
    os: [linux]

  '@esbuild/netbsd-arm64@0.27.0':
    resolution: {integrity: sha512-6m0sfQfxfQfy1qRuecMkJlf1cIzTOgyaeXaiVaaki8/v+WB+U4hc6ik15ZW6TAllRlg/WuQXxWj1jx6C+dfy3w==}
    engines: {node: '>=18'}
    cpu: [arm64]
    os: [netbsd]

  '@esbuild/netbsd-x64@0.27.0':
    resolution: {integrity: sha512-xbbOdfn06FtcJ9d0ShxxvSn2iUsGd/lgPIO2V3VZIPDbEaIj1/3nBBe1AwuEZKXVXkMmpr6LUAgMkLD/4D2PPA==}
    engines: {node: '>=18'}
    cpu: [x64]
    os: [netbsd]

  '@esbuild/openbsd-arm64@0.27.0':
    resolution: {integrity: sha512-fWgqR8uNbCQ/GGv0yhzttj6sU/9Z5/Sv/VGU3F5OuXK6J6SlriONKrQ7tNlwBrJZXRYk5jUhuWvF7GYzGguBZQ==}
    engines: {node: '>=18'}
    cpu: [arm64]
    os: [openbsd]

  '@esbuild/openbsd-x64@0.27.0':
    resolution: {integrity: sha512-aCwlRdSNMNxkGGqQajMUza6uXzR/U0dIl1QmLjPtRbLOx3Gy3otfFu/VjATy4yQzo9yFDGTxYDo1FfAD9oRD2A==}
    engines: {node: '>=18'}
    cpu: [x64]
    os: [openbsd]

  '@esbuild/openharmony-arm64@0.27.0':
    resolution: {integrity: sha512-nyvsBccxNAsNYz2jVFYwEGuRRomqZ149A39SHWk4hV0jWxKM0hjBPm3AmdxcbHiFLbBSwG6SbpIcUbXjgyECfA==}
    engines: {node: '>=18'}
    cpu: [arm64]
    os: [openharmony]

  '@esbuild/sunos-x64@0.27.0':
    resolution: {integrity: sha512-Q1KY1iJafM+UX6CFEL+F4HRTgygmEW568YMqDA5UV97AuZSm21b7SXIrRJDwXWPzr8MGr75fUZPV67FdtMHlHA==}
    engines: {node: '>=18'}
    cpu: [x64]
    os: [sunos]

  '@esbuild/win32-arm64@0.27.0':
    resolution: {integrity: sha512-W1eyGNi6d+8kOmZIwi/EDjrL9nxQIQ0MiGqe/AWc6+IaHloxHSGoeRgDRKHFISThLmsewZ5nHFvGFWdBYlgKPg==}
    engines: {node: '>=18'}
    cpu: [arm64]
    os: [win32]

  '@esbuild/win32-ia32@0.27.0':
    resolution: {integrity: sha512-30z1aKL9h22kQhilnYkORFYt+3wp7yZsHWus+wSKAJR8JtdfI76LJ4SBdMsCopTR3z/ORqVu5L1vtnHZWVj4cQ==}
    engines: {node: '>=18'}
    cpu: [ia32]
    os: [win32]

  '@esbuild/win32-x64@0.27.0':
    resolution: {integrity: sha512-aIitBcjQeyOhMTImhLZmtxfdOcuNRpwlPNmlFKPcHQYPhEssw75Cl1TSXJXpMkzaua9FUetx/4OQKq7eJul5Cg==}
    engines: {node: '>=18'}
    cpu: [x64]
    os: [win32]

  '@fastify/busboy@2.1.1':
    resolution: {integrity: sha512-vBZP4NlzfOlerQTnba4aqZoMhE/a9HY7HRqoOPaETQcSQuWEIyZMHGfVu6w9wGtGK5fED5qRs2DteVCjOH60sA==}
    engines: {node: '>=14'}

  '@img/colour@1.1.0':
    resolution: {integrity: sha512-Td76q7j57o/tLVdgS746cYARfSyxk8iEfRxewL9h4OMzYhbW4TAcppl0mT4eyqXddh6L/jwoM75mo7ixa/pCeQ==}
    engines: {node: '>=18'}

  '@img/sharp-darwin-arm64@0.35.3':
    resolution: {integrity: sha512-RMnFX7YQsMoh7lWfcM4NEHHymBX/rLuKNPVM84XE9ONPcaSCDgE7CHIHpSgPcO2xcRthgBy1HfNO319mwhIAkg==}
    engines: {node: '>=20.9.0'}
    cpu: [arm64]
    os: [darwin]

  '@img/sharp-darwin-x64@0.35.3':
    resolution: {integrity: sha512-Xo+5uFBtLN0BKqieTxiFzFPQAUlBbbH5iBKyRX/z1JrbnYsHTfKJnUfL8+p2TPXr1pXqao4eeL4Rl144uDpK9w==}
    engines: {node: '>=20.9.0'}
    cpu: [x64]
    os: [darwin]

  '@img/sharp-freebsd-wasm32@0.35.3':
    resolution: {integrity: sha512-lUxcqWIj2wMQ9BrwNjngcr1gWUr5xgaGThBRqPPalIC2n67Cqj1uPh8NnA/ZhAg8hUbKl+kVHKwgUIwe6ZYPrg==}
    engines: {node: '>=20.9.0'}
    os: [freebsd]

  '@img/sharp-libvips-darwin-arm64@1.3.2':
    resolution: {integrity: sha512-9J6ypZFpQBj4YnePGoq/S38w6nz+vqg5WZLrLGY4YuSemdMq47GMLBPO42MzwdGwpg/agZ7xzZcFHa48xlywfg==}
    cpu: [arm64]
    os: [darwin]

  '@img/sharp-libvips-darwin-x64@1.3.2':
    resolution: {integrity: sha512-m2pW1n6cns9VaubNwsZ+c3CRYjxNQWgJ5gPlnL1nbBcpkBvFm6SCFN5o0psFHI8w9n11NKhFkeEDns98tiqbEw==}
    cpu: [x64]
    os: [darwin]

  '@img/sharp-libvips-linux-arm64@1.3.2':
    resolution: {integrity: sha512-dqVSFynCox4C/J8kT16V7SIFAns0IjgLwkvYT7p8LQVmJ5OS5b6tI9IGflxTeuBS//zXeFIUbwt5dwxyZ17cnA==}
    cpu: [arm64]
    os: [linux]
    libc: [glibc]

  '@img/sharp-libvips-linux-arm@1.3.2':
    resolution: {integrity: sha512-1eMLzy92I4J6rmi4mAT8yC3HxOtniyGELlzGbNMLLeqe052ahFQ0h6LFq+lh5DsDIdYViIDst08abvSbcEdLXQ==}
    cpu: [arm]
    os: [linux]
    libc: [glibc]

  '@img/sharp-libvips-linux-ppc64@1.3.2':
    resolution: {integrity: sha512-3z0NHDxD6n5I9gc05U1eW1AyRm+Gznzq3naMrthPNqE6oYykcogW0l/jfpJdjYnuNl8R7yI9pNbE1XiUeyq0Aw==}
    cpu: [ppc64]
    os: [linux]
    libc: [glibc]

  '@img/sharp-libvips-linux-riscv64@1.3.2':
    resolution: {integrity: sha512-bsb4rI+NldGOsXuej2r8OdSS8+zXDVaCWxyWrcv6kneTOlgAHtZABRzBBCwdsPiD90J4myNJuHpg6kA20ImW/w==}
    cpu: [riscv64]
    os: [linux]
    libc: [glibc]

  '@img/sharp-libvips-linux-s390x@1.3.2':
    resolution: {integrity: sha512-/ABshyj8gCpyIrNXnHn4LorDJ0HHm1VhXPBlxZ8zAtfVPAaSafXPGn+sUSIRiwaSBy0mmFjSjiXI5mkcwdChKQ==}
    cpu: [s390x]
    os: [linux]
    libc: [glibc]

  '@img/sharp-libvips-linux-x64@1.3.2':
    resolution: {integrity: sha512-ITPEtgffGJ0S6G9dRyw/366tJQqFRcHWPHhC+Stpg3Z8AEMrDrTr2lhdz4f/Y/HMbRh//7Z5mBzEpVdi62Oc3w==}
    cpu: [x64]
    os: [linux]
    libc: [glibc]

  '@img/sharp-libvips-linuxmusl-arm64@1.3.2':
    resolution: {integrity: sha512-zE9EdiUzUmg5mDT5a1rk5fYJ6GWPloTwWBYDS14naqHsL+EaMpDj1AWnpLgh3u0YCORv2Tt50wrcrpYqkP97Kw==}
    cpu: [arm64]
    os: [linux]
    libc: [musl]

  '@img/sharp-libvips-linuxmusl-x64@1.3.2':
    resolution: {integrity: sha512-m0lrLiUt+lBYnCFr8qV/65yMR4E/c7/wf78I5eKTdkEakFAlZ9QlzEM3QIhhAwVeUhLAHLcCq7a7Vszq/oFNZQ==}
    cpu: [x64]
    os: [linux]
    libc: [musl]

  '@img/sharp-linux-arm64@0.35.3':
    resolution: {integrity: sha512-QgKDspHPnrU+GQ55XPhGwyhC8acLVOOSyAvo1oVfFmrIXLkDNmGWzAfDZ4xK8oSA1qBQrALcHX0G5UZni/SuFQ==}
    engines: {node: '>=20.9.0'}
    cpu: [arm64]
    os: [linux]
    libc: [glibc]

  '@img/sharp-linux-arm@0.35.3':
    resolution: {integrity: sha512-affVWCTLooy8TSxbDx2qkzuDeaWLNVBA+P//FNBirHsXpP2fuBhk5AuboYUnrDnzoXes8GFjpTx0SBFOCRg+FA==}
    engines: {node: '>=20.9.0'}
    cpu: [arm]
    os: [linux]
    libc: [glibc]

  '@img/sharp-linux-ppc64@0.35.3':
    resolution: {integrity: sha512-sMd8rDxmpLOwv/7N44klFjOD5DUO7FLdjiXDI0hoxYaf7Ar262dQIEkosE98bps+5HPLtp/EvNqeqQtOycP/IA==}
    engines: {node: '>=20.9.0'}
    cpu: [ppc64]
    os: [linux]
    libc: [glibc]

  '@img/sharp-linux-riscv64@0.35.3':
    resolution: {integrity: sha512-0Eob78yjlYPfL5vMNWAW55l3R9Y6BQS/gOfe0ZcP9mEz9ohhKSt4im1hayiknXgf8AWrFqMvJcKIdmLmEe7yeQ==}
    engines: {node: '>=20.9.0'}
    cpu: [riscv64]
    os: [linux]
    libc: [glibc]

  '@img/sharp-linux-s390x@0.35.3':
    resolution: {integrity: sha512-KgAxQ0DxpNOq1rG2t5cgTgShJFGSuU7XO45cqC+1NVOuZnP6tlgZRuSYOfNupGkHID0o3cJOsw4DVeJpMovcGw==}
    engines: {node: '>=20.9.0'}
    cpu: [s390x]
    os: [linux]
    libc: [glibc]

  '@img/sharp-linux-x64@0.35.3':
    resolution: {integrity: sha512-8pqvxubL2PGdhlPy6GLqzDYMUjyRmKAwKHYKixpdJYBUK7PJ0C029XdsnpFIdgRZG68fZiGdHVWcKPvtiPB4cA==}
    engines: {node: '>=20.9.0'}
    cpu: [x64]
    os: [linux]
    libc: [glibc]

  '@img/sharp-linuxmusl-arm64@0.35.3':
    resolution: {integrity: sha512-Vz0iQjzzcSX3HCbfwFfCSG/9SCIqyO0mH2sXyiHaAYfBk0cRsCWXRyQYX0ovCK/PAQBbTzQ0dsPQHh5MAFL59w==}
    engines: {node: '>=20.9.0'}
    cpu: [arm64]
    os: [linux]
    libc: [musl]

  '@img/sharp-linuxmusl-x64@0.35.3':
    resolution: {integrity: sha512-6O1NPKcDVj9QEdg7Hx549EX8U0rp6yXQERqru6yRN7fGBn32UvIRJUlWnk+8xDCiG76hXVBbX82NZ/ZKr0euIg==}
    engines: {node: '>=20.9.0'}
    cpu: [x64]
    os: [linux]
    libc: [musl]

  '@img/sharp-wasm32@0.35.3':
    resolution: {integrity: sha512-cZ0XkcYGpHZkqW6iCkqTcmUC0CD9DhD5d/qeZlZkfRBn6GnHniZXLUo5+9xw8Iv76YE6LQFN9YNBlKREcCG76w==}
    engines: {node: '>=20.9.0'}

  '@img/sharp-webcontainers-wasm32@0.35.3':
    resolution: {integrity: sha512-2rnq7bX3NzeR2T4YWgz8qiG4h3TSdMe+vN1iQXpJleSJ3SM5zQ8Fy2SyyXAWlbxpEZ2Y+Z4u1BePgJEYbSy80Q==}
    engines: {node: '>=20.9.0'}
    cpu: [wasm32]

  '@img/sharp-win32-arm64@0.35.3':
    resolution: {integrity: sha512-4bPwFdMbeC4JQ8L8LOyWp6nsHcboP5fxkp6iPOXz2Vg49R42TuMs2whkJ5OAP4/Ul035qOzy0AecOF9VOscn4w==}
    engines: {node: '>=20.9.0'}
    cpu: [arm64]
    os: [win32]

  '@img/sharp-win32-ia32@0.35.3':
    resolution: {integrity: sha512-r53mXsBN6lFUDiST764SvgwUdHAqM4rPAiDzAmf4fLoB6X/rkfyTrLCg6+g17wJJiCmB3JYgHuUldCWUIRFSXw==}
    engines: {node: ^20.9.0}
    cpu: [ia32]
    os: [win32]

  '@img/sharp-win32-x64@0.35.3':
    resolution: {integrity: sha512-D4y1vNeZrIIJCN+uHaWVtH86B+aCrdMYYjicy9pXHvbGZeGYLLSd3wdVuC37FxVXlU1ARsk84eKWfWMXGYEqvA==}
    engines: {node: '>=20.9.0'}
    cpu: [x64]
    os: [win32]

  '@isaacs/balanced-match@4.0.1':
    resolution: {integrity: sha512-yzMTt9lEb8Gv7zRioUilSglI0c0smZ9k5D65677DLWLtWJaXIS3CqcGyUFByYKlnUj6TkjLVs54fBl6+TiGQDQ==}
    engines: {node: 20 || >=22}

  '@isaacs/brace-expansion@5.0.1':
    resolution: {integrity: sha512-WMz71T1JS624nWj2n2fnYAuPovhv7EUhk69R6i9dsVyzxt5eM3bjwvgk9L+APE1TRscGysAVMANkB0jh0LQZrQ==}
    engines: {node: 20 ||ßm|ÒÚ$z{-®éÜj× ¢g6WfVçG4"ã2ã3 ¢÷F–öæÃ¢G'VP ¢vVæW&–2×ööÄ2ãBã#¢·Ð ¢vWB×÷'DRãã¢·Ð ¢vWB×7G&VÔRã"ã ¢FWVæFVæ6–W3 ¢V×¢2ãã@ ¢vWB×7G&VÔbãã¢·Ð ¢vWB×G66öæf–tBãBã ¢FWVæFVæ6–W3 ¢&W6öÇfR×¶rÖÖ3¢ãã  ¢vÆö"×&VçDRãã# ¢FWVæFVæ6–W3 ¢—2ÖvÆö#¢Bãã0 ¢vÆö$2ããc ¢FWVæFVæ6–W3 ¢Ö–æ–ÖF6ƒ¢ã"ã`¢Ö–æ—73¢rãã0¢F‚×67W''“¢"ãã  ¢w&6VgVÂÖg4Bã"ã¢·Ð ¢‡GGÖW'&÷'4ãrã3 ¢FWVæFVæ6–W3 ¢FWC¢ãã ¢–æ†W&—G3¢"ãã@¢6WG&÷F÷G—Vöc¢ãã¢7FGW6W3¢ãRã ¢Fö–FVçF–f–W#¢ãã  ¢‡GG2×&÷‡’ÖvVçDrããc ¢FWVæFVæ6–W3 ¢vVçBÖ&6S¢rãã@¢FV'Vs¢BãBã0¢G&ç6—F—fUVW$FWVæFVæ6–W3 ¢Ò7W÷'G2Ö6öÆ÷  ¢‡VÖâ×6–væÇ4ãã¢·Ð ¢‡VÖâ×6–væÇ4"ãã¢·Ð ¢–6V&W&rÖ§4ã‚ã¢·Ð ¢–6öçbÖÆ—FTãBã#C ¢FWVæFVæ6–W3 ¢6fW"Ö'VffW#¢"ãã  ¢–æ†W&—G4"ããC¢·Ð ¢—2Ö'VffW$"ããS¢·Ð ¢—2ÖFö6¶W$"ã"ã¢·Ð ¢—2ÖW‡FvÆö$"ãã¢·Ð ¢—2ÖvÆö$Bãã3 ¢FWVæFVæ6–W3 ¢—2ÖW‡FvÆö#¢"ãã ¢—2ÖæöFR×&ö6W74ã"ã¢·Ð ¢—2ÖçVÖ&W$rãã¢·Ð ¢—2×7G&VÔ"ãã¢·Ð ¢—2×w6Ä"ã"ã ¢FWVæFVæ6–W3 ¢—2ÖFö6¶W#¢"ã"ã ¢—6W†T"ãã¢·Ð ¢¦÷6TRã’ãc¢·Ð ¢¦÷6Tbã"ã3¢·Ð ¢§2×–ÖÄBãã ¢FWVæFVæ6–W3 ¢&w'6S¢"ãã ¢§6öâ×66†VÖ×Fò×G4ãbãC ¢FWVæFVæ6–W3 ¢tG—W2ö§6öâ×66†VÖs¢rããP¢G2×FööÆ&VÇC¢bãRãP ¢§6öâ×66†VÖ×G&fW'6Tãã¢·Ð ¢§6öæ2×'6W$2ã2ã¢·Ð ¢§6öæf–ÆTbã"ã ¢FWVæFVæ6–W3 ¢Væ—fW'6Æ–g“¢"ãã¢÷F–öæÄFWVæFVæ6–W3 ¢w&6VgVÂÖg3¢Bã"ã ¢§6öæÆ–æW4ãã¢·Ð ¢Ç'RÖ66†TãRã#¢·Ð ¢Ç'RÖ66†Tbãã ¢FWVæFVæ6–W3 ¢–ÆÆ—7C¢Bãã  ¢ÇW†öä2ãrã#¢·Ð ¢ÖW&vR×7G&VÔ"ãã¢·Ð ¢ÖW&vS$ãBã¢·Ð ¢Ö–7&ô’ã2ãRÖ6æ'’ã3 ¢FWVæFVæ6–W3 ¢&s¢Bãã ¢6öçFVçB×G—S¢ãã@¢&rÖ&öG“¢"ãBã ¢Ö–7&öÖF6„Bããƒ ¢FWVæFVæ6–W3 ¢'&6W3¢2ãã0¢–6öÖF6ƒ¢"ã2ã  ¢Ö–ÖRÖF$ãS"ã¢·Ð ¢Ö–ÖR×G—W4"ãã3S ¢FWVæFVæ6–W3 ¢Ö–ÖRÖF#¢ãS"ã  ¢Ö–Ö–2Öfä"ãã¢·Ð ¢Ö–æ–ÖF6„ãã ¢FWVæFVæ6–W3 ¢t—672ö'&6RÖW‡ç6–öâs¢Rãã ¢Ö–æ–ÖF6„ã"ãc ¢FWVæFVæ6–W3 ¢'&6RÖW‡ç6–öã¢Rãã ¢Ö–æ–ÖF6„2ããS ¢FWVæFVæ6–W3 ¢'&6RÖW‡ç6–öã¢ãã€ ¢Ö–æ—74rãã3¢·Ð ¢Ö–æ—¦Æ–$2ãã ¢FWVæFVæ6–W3 ¢Ö–æ—73¢rãã0 ¢Ö¶F—'ããC¢·Ð ¢×&”ã"ã¢·Ð ¢×4"ãã¢·Ð ¢×4"ãã#¢·Ð ¢×4"ãã3¢·Ð ¢ææö–D2ã2ãƒ¢·Ð ¢æW‡Dbã2ã„G—W2öæöFT#bã"ã’‡&V7BÖFöÔ’ã"ã‚‡&V7D’ã"ã‚’’‡&V7D’ã"ã‚“ ¢FWVæFVæ6–W3 ¢tæW‡BöVçbs¢bã2ã ¢t7v2ö†VÇW'2s¢ãRãP¢&6VÆ–æRÖ'&÷w6W"ÖÖ–æs¢"ãã ¢6æ—W6RÖÆ—FS¢ãã3ƒ¢÷7F773¢‚ãRã#0¢&V7C¢’ã"ã€¢&V7BÖFöÓ¢’ã"ã‚‡&V7D’ã"ã‚¢7G–ÆVBÖ§7ƒ¢Rããb‡&V7D’ã"ã‚¢÷F–öæÄFWVæFVæ6–W3 ¢tæW‡B÷7v2ÖF'v–âÖ&ÓcBs¢bã2ã ¢tæW‡B÷7v2ÖF'v–â×ƒcBs¢bã2ã ¢tæW‡B÷7v2ÖÆ–çW‚Ö&ÓcBÖvçRs¢bã2ã ¢tæW‡B÷7v2ÖÆ–çW‚Ö&ÓcBÖ×W6Âs¢bã2ã ¢tæW‡B÷7v2ÖÆ–çW‚×ƒcBÖvçRs¢bã2ã ¢tæW‡B÷7v2ÖÆ–çW‚×ƒcBÖ×W6Âs¢bã2ã ¢tæW‡B÷7v2×v–ã3"Ö&ÓcBÖ×7f2s¢bã2ã ¢tæW‡B÷7v2×v–ã3"×ƒcBÖ×7f2s¢bã2ã ¢6†'¢ã3Rã2„G—W2öæöFT#bã"ã¢G&ç6—F—fUVW$FWVæFVæ6–W3 ¢Òt&&VÂö6÷&Rp¢ÒtG—W2öæöFRp¢Ò&&VÂ×ÇVv–âÖÖ7&÷0 ¢æöFRÖfWF6„"ãbãs ¢FWVæFVæ6–W3 ¢v†Gvr×W&Ã¢Rãã  ¢æöFRÖfWF6„"ãbã“ ¢FWVæFVæ6–W3 ¢v†Gvr×W&Ã¢Rãã  ¢æöFRÖfWF6„"ãrã ¢FWVæFVæ6–W3 ¢v†Gvr×W&Ã¢Rãã  ¢æöFRÖw—Ö'V–ÆDBã‚ãC¢·Ð ¢æ÷D‚ãã ¢FWVæFVæ6–W3 ¢&'&Wc¢2ãã ¢çÒ×'Vâ×F„Bãã ¢FWVæFVæ6–W3 ¢F‚Ö¶W“¢2ãã ¢öæ6Tã2ã3 ¢FWVæFVæ6–W3 ¢w&“¢ãã  ¢öæ6TãBã ¢FWVæFVæ6–W3 ¢w&“¢ãã  ¢öæWF–ÖTRãã# ¢FWVæFVæ6–W3 ¢Ö–Ö–2Öfã¢"ãã  ¢÷Vä‚ãBã ¢FWVæFVæ6–W3 ¢FVf–æRÖÆ§’×&÷¢"ãã ¢—2ÖFö6¶W#¢"ã"ã¢—2×w6Ã¢"ã"ã  ¢÷2×F‡4BãBã¢·Ð ¢÷†2×G&ç6f÷&Ôãã„VÖæ’ö6÷&Tãã2’„VÖæ’÷'VçF–ÖTãã2“ ¢÷F–öæÄFWVæFVæ6–W3 ¢t÷†2×G&ç6f÷&Òö&–æF–ærÖæG&ö–BÖ&ÒÖV&’s¢ãã ¢t÷†2×G&ç6f÷&Òö&–æF–ærÖæG&ö–BÖ&ÓcBs¢ãã ¢t÷†2×G&ç6f÷&Òö&–æF–ærÖF'v–âÖ&ÓcBs¢ãã ¢t÷†2×G&ç6f÷&Òö&–æF–ærÖF'v–â×ƒcBs¢ãã ¢t÷†2×G&ç6f÷&Òö&–æF–ærÖg&VV'6B×ƒcBs¢ãã ¢t÷†2×G&ç6f÷&Òö&–æF–ærÖÆ–çW‚Ö&ÒÖvçVV&–†bs¢ãã ¢t÷†2×G&ç6f÷&Òö&–æF–ærÖÆ–çW‚Ö&ÒÖ×W6ÆV&–†bs¢ãã ¢t÷†2×G&ç6f÷&Òö&–æF–ærÖÆ–çW‚Ö&ÓcBÖvçRs¢ãã ¢t÷†2×G&ç6f÷&Òö&–æF–ærÖÆ–çW‚Ö&ÓcBÖ×W6Âs¢ãã ¢t÷†2×G&ç6f÷&Òö&–æF–ærÖÆ–çW‚×3cBÖvçRs¢ãã ¢t÷†2×G&ç6f÷&Òö&–æF–ærÖÆ–çW‚×&—67ccBÖvçRs¢ãã ¢t÷†2×G&ç6f÷&Òö&–æF–ærÖÆ–çW‚×&—67ccBÖ×W6Âs¢ãã ¢t÷†2×G&ç6f÷&Òö&–æF–ærÖÆ–çW‚×33“‚ÖvçRs¢ãã ¢t÷†2×G&ç6f÷&Òö&–æF–ærÖÆ–çW‚×ƒcBÖvçRs¢ãã ¢t÷†2×G&ç6f÷&Òö&–æF–ærÖÆ–çW‚×ƒcBÖ×W6Âs¢ãã ¢t÷†2×G&ç6f÷&Òö&–æF–ærÖ÷Væ†&Ööç’Ö&ÓcBs¢ãã ¢t÷†2×G&ç6f÷&Òö&–æF–ær×v6Ó3"×v6’s¢ãã„VÖæ’ö6÷&Tãã2’„VÖæ’÷'VçF–ÖTãã2¢t÷†2×G&ç6f÷&Òö&–æF–ær×v–ã3"Ö&ÓcBÖ×7f2s¢ãã ¢t÷†2×G&ç6f÷&Òö&–æF–ær×v–ã3"Ö–3"Ö×7f2s¢ãã ¢t÷†2×G&ç6f÷&Òö&–æF–ær×v–ã3"×ƒcBÖ×7f2s¢ãã ¢G&ç6—F—fUVW$FWVæFVæ6–W3 ¢ÒtVÖæ’ö6÷&Rp¢ÒtVÖæ’÷'VçF–ÖRp ¢Öf–æÆÇ”"ãã¢·Ð ¢'6RÖ×4"ãã¢·Ð ¢F‚Ö'&÷w6W&–g”ãã¢·Ð ¢F‚Ö¶W”2ãã¢·Ð ¢F‚×67W''”"ãã# ¢FWVæFVæ6–W3 ¢Ç'RÖ66†S¢ãRã ¢Ö–æ—73¢rãã0 ¢F‚×Fò×&VvW‡bãã¢·Ð ¢F‚×Fò×&VvW‡bã2ã¢·Ð ¢F‚×Fò×&VvW‡‚ã"ã¢·Ð ¢F‚×Fò×&VvW‡‚ã2ã¢·Ð ¢VæDã"ã¢·Ð ¢–6ö6öÆ÷'4ãã¢·Ð ¢–6ö6öÆ÷'4ãã¢·Ð ¢–6öÖF6„"ã2ã#¢·Ð ¢–6öÖF6„BããS¢·Ð ¢÷7F774‚ãRã#3 ¢FWVæFVæ6–W3 ¢ææö–C¢2ã2ã€¢–6ö6öÆ÷'3¢ãã¢6÷W&6RÖÖÖ§3¢ã"ã ¢&WGG’Ö×4rãã ¢FWVæFVæ6–W3 ¢'6RÖ×3¢"ãã  ¢&öÖ—6W—T2ãã¢·Ð ¢V×2ããC ¢FWVæFVæ6–W3 ¢VæBÖöb×7G&VÓ¢ãBãP¢öæ6S¢ãBã  ¢Vç–6öFT"ã2ã¢·Ð ¢VWVRÖÖ–7&÷F6´ã"ã3¢·Ð ¢&rÖ&öG”"ãBã ¢FWVæFVæ6–W3 ¢'—FW3¢2ãã ¢‡GGÖW'&÷'3¢ãrã0¢–6öçbÖÆ—FS¢ãBã#@¢Vç—S¢ãã  ¢&V7BÖFöÔ’ã"ã‚‡&V7D’ã"ã‚“ ¢FWVæFVæ6–W3 ¢&V7C¢’ã"ã€¢66†VGVÆW#¢ã#rã  ¢&V7D’ã"ãƒ¢·Ð ¢&VFF—'Bãã#¢·Ð ¢&WV—&RÖg&öÒ×7G&–æt"ãã#¢·Ð ¢&W6öÇfRÖg&öÔRãã¢·Ð ¢&W6öÇfR×¶rÖÖ4ãã¢·Ð ¢&W6öÇfRæW‡÷'G4"ãã3¢·Ð ¢&WG'”ã2ã¢·Ð ¢&WW6–g”ãã¢·Ð ¢&öÆÆF÷väãã×&2ã„VÖæ’ö6÷&Tãã2’„VÖæ’÷'VçF–ÖTãã2“ ¢FWVæFVæ6–W3 ¢t÷†2×&ö¦V7B÷G—W2s¢ãã ¢t&öÆÆF÷vâ÷ÇVv–çWF–Ç2s¢ãã×&2ã¢÷F–öæÄFWVæFVæ6–W3 ¢t&öÆÆF÷vâö&–æF–ærÖæG&ö–BÖ&ÓcBs¢ãã×&2ã¢t&öÆÆF÷vâö&–æF–ærÖF'v–âÖ&ÓcBs¢ãã×&2ã¢t&öÆÆF÷vâö&–æF–ærÖF'v–â×ƒcBs¢ãã×&2ã¢t&öÆÆF÷vâö&–æF–ærÖg&VV'6B×ƒcBs¢ãã×&2ã¢t&öÆÆF÷vâö&–æF–ærÖÆ–çW‚Ö&ÒÖvçVV&–†bs¢ãã×&2ã¢t&öÆÆF÷vâö&–æF–ærÖÆ–çW‚Ö&ÓcBÖvçRs¢ãã×&2ã¢t&öÆÆF÷vâö&–æF–ærÖÆ–çW‚Ö&ÓcBÖ×W6Âs¢ãã×&2ã¢t&öÆÆF÷vâö&–æF–ærÖÆ–çW‚×ƒcBÖvçRs¢ãã×&2ã¢t&öÆÆF÷vâö&–æF–ærÖÆ–çW‚×ƒcBÖ×W6Âs¢ãã×&2ã¢t&öÆÆF÷vâö&–æF–ærÖ÷Væ†&Ööç’Ö&ÓcBs¢ãã×&2ã¢t&öÆÆF÷vâö&–æF–ær×v6Ó3"×v6’s¢ãã×&2ã„VÖæ’ö6÷&Tãã2’„VÖæ’÷'VçF–ÖTãã2¢t&öÆÆF÷vâö&–æF–ær×v–ã3"Ö&ÓcBÖ×7f2s¢ãã×&2ã¢t&öÆÆF÷vâö&–æF–ær×v–ã3"×ƒcBÖ×7f2s¢ãã×&2ã¢G&ç6—F—fUVW$FWVæFVæ6–W3 ¢ÒtVÖæ’ö6÷&Rp¢ÒtVÖæ’÷'VçF–ÖRp ¢'Vâ×&ÆÆVÄã"ã ¢FWVæFVæ6–W3 ¢VWVRÖÖ–7&÷F6³¢ã"ã0 ¢6fW"Ö'VffW$"ãã#¢·Ð ¢6æF&÷„2ãBã ¢FWVæFVæ6–W3 ¢tfW&6VÂ÷6æF&÷‚s¢"ãBã ¢7–æ2×&WG'“¢ã2ã0¢FV'Vs¢BãBã0¢w3¢‚ã#ã0¢¦öC¢Bãã¢G&ç6—F—fUVW$FWVæFVæ6–W3 ¢Ò&&RÖ&÷'BÖ6öçG&öÆÆW ¢Ò'VffW'WF–À¢Ò&V7BÖæF—fRÖ#F¢Ò7W÷'G2Ö6öÆ÷ ¢ÒWFbÓ‚×fÆ–FFP ¢66†VGVÆW$ã#rã¢·Ð ¢6V×fW$bã2ã¢·Ð ¢6V×fW$rãRãC ¢FWVæFVæ6–W3 ¢Ç'RÖ66†S¢bãã  ¢6V×fW$rã‚ãS¢·Ð ¢6WG&÷F÷G—Vödãã¢·Ð ¢6†'ã3Rã2„G—W2öæöFT#bã"ã“ ¢FWVæFVæ6–W3 ¢t–Örö6öÆ÷W"s¢ãã ¢FWFV7BÖÆ–&3¢"ãã ¢6V×fW#¢rã‚ãP¢÷F–öæÄFWVæFVæ6–W3 ¢t–Ör÷6†'ÖF'v–âÖ&ÓcBs¢ã3Rã0¢t–Ör÷6†'ÖF'v–â×ƒcBs¢ã3Rã0¢t–Ör÷6†'Ög&VV'6B×v6Ó3"s¢ã3Rã0¢t–Ör÷6†'ÖÆ–'f—2ÖF'v–âÖ&ÓcBs¢ã2ã ¢t–Ör÷6†'ÖÆ–'f—2ÖF'v–â×ƒcBs¢ã2ã ¢t–Ör÷6†'ÖÆ–'f—2ÖÆ–çW‚Ö&Òs¢ã2ã ¢t–Ör÷6†'ÖÆ–'f—2ÖÆ–çW‚Ö&ÓcBs¢ã2ã ¢t–Ör÷6†'ÖÆ–'f—2ÖÆ–çW‚×3cBs¢ã2ã ¢t–Ör÷6†'ÖÆ–'f—2ÖÆ–çW‚×&—67ccBs¢ã2ã ¢t–Ör÷6†'ÖÆ–'f—2ÖÆ–çW‚×33“‚s¢ã2ã ¢t–Ör÷6†'ÖÆ–'f—2ÖÆ–çW‚×ƒcBs¢ã2ã ¢t–Ör÷6†'ÖÆ–'f—2ÖÆ–çW†×W6ÂÖ&ÓcBs¢ã2ã ¢t–Ör÷6†'ÖÆ–'f—2ÖÆ–çW†×W6Â×ƒcBs¢ã2ã ¢t–Ör÷6†'ÖÆ–çW‚Ö&Òs¢ã3Rã0¢t–Ör÷6†'ÖÆ–çW‚Ö&ÓcBs¢ã3Rã0¢t–Ör÷6†'ÖÆ–çW‚×3cBs¢ã3Rã0¢t–Ör÷6†'ÖÆ–çW‚×&—67ccBs¢ã3Rã0¢t–Ör÷6†'ÖÆ–çW‚×33“‚s¢ã3Rã0¢t–Ör÷6†'ÖÆ–çW‚×ƒcBs¢ã3Rã0¢t–Ör÷6†'ÖÆ–çW†×W6ÂÖ&ÓcBs¢ã3Rã0¢t–Ör÷6†'ÖÆ–çW†×W6Â×ƒcBs¢ã3Rã0¢t–Ör÷6†'×vV&6öçF–æW'2×v6Ó3"s¢ã3Rã0¢t–Ör÷6†'×v–ã3"Ö&ÓcBs¢ã3Rã0¢t–Ör÷6†'×v–ã3"Ö–3"s¢ã3Rã0¢t–Ör÷6†'×v–ã3"×ƒcBs¢ã3Rã0¢tG—W2öæöFRs¢#bã"ã ¢÷F–öæÃ¢G'VP ¢6†V&ærÖ6öÖÖæD"ãã ¢FWVæFVæ6–W3 ¢6†V&ær×&VvWƒ¢2ãã  ¢6†V&ær×&VvW„2ãã¢·Ð ¢6–væÂÖW†—D2ããs¢·Ð ¢6–væÂÖW†—DBãã#¢·Ð ¢6ÖöÂ×FöÖÄãRã#¢·Ð ¢6÷W&6RÖÖÖ§4ã"ã¢·Ð ¢7'g„ããc¢·Ð ¢7FBÖÖöFTã2ã¢·Ð ¢7FGW6W4ãRã¢·Ð ¢7G&VÒ×FòÖ'&”"ã2ã ¢FWVæFVæ6–W3 ¢ç’×&öÖ—6S¢ã2ã  ¢7G&VÒ×Fò×&öÖ—6T"ã"ã ¢FWVæFVæ6–W3 ¢ç’×&öÖ—6S¢ã2ã ¢VæBÖöb×7G&VÓ¢ãã ¢7G&VÒ×FòÖ'&“¢"ã2ã  ¢7G&V×„"ã#‚ã ¢FWVæFVæ6–W3 ¢WfVçG2×Væ—fW'6Ã¢ãã¢f7BÖf–fó¢ã2ã ¢FW‡BÖFV6öFW#¢ã"ãp¢G&ç6—F—fUVW$FWVæFVæ6–W3 ¢Ò&&RÖ&÷'BÖ6öçG&öÆÆW ¢Ò&V7BÖæF—fRÖ#F ¢7G&—Öf–æÂÖæWvÆ–æT"ãã¢·Ð ¢7G–ÆVBÖ§7„Rããb‡&V7D’ã"ã‚“ ¢FWVæFVæ6–W3 ¢6Æ–VçBÖöæÇ“¢ãã¢&V7C¢’ã"ã€ ¢F"×7G&VÔ2ããs ¢FWVæFVæ6–W3 ¢#F¢ã‚ã¢f7BÖf–fó¢ã2ã ¢7G&V×ƒ¢"ã#‚ã ¢G&ç6—F—fUVW$FWVæFVæ6–W3 ¢Ò&&RÖ&÷'BÖ6öçG&öÆÆW ¢Ò&V7BÖæF—fRÖ#F ¢F$rãRã## ¢FWVæFVæ6–W3 ¢t—672ög2ÖÖ–æ—72s¢Bãã¢6†÷vç#¢2ãã ¢Ö–æ—73¢rãã0¢Ö–æ—¦Æ–#¢2ãã ¢–ÆÆ—7C¢Rãã  ¢F$rãRãs ¢FWVæFVæ6–W3 ¢t—672ög2ÖÖ–æ—72s¢Bãã¢6†÷vç#¢2ãã ¢Ö–æ—73¢rãã0¢Ö–æ—¦Æ–#¢2ãã ¢–ÆÆ—7C¢Rãã  ¢FW‡BÖFV6öFW$ã"ãs ¢FWVæFVæ6–W3 ¢#F¢ã‚ã¢G&ç6—F—fUVW$FWVæFVæ6–W3 ¢Ò&V7BÖæF—fRÖ#F ¢F‡&÷GFÆV—D"ãã¢·Ð ¢F–ÖR×7äBãã ¢FWVæFVæ6–W3 ¢6öçfW'BÖ‡'F–ÖS¢2ãã  ¢F–ç–W†V4ã2ã#¢·Ð ¢Fò×&VvW‚×&ævTRãã ¢FWVæFVæ6–W3 ¢—2ÖçVÖ&W#¢rãã  ¢Fö–FVçF–f–W$ãã¢·Ð ¢G#Cdãã3¢·Ð ¢G&VRÖ¶–ÆÄã"ã#¢·Ð ¢G2ÖÖ÷'„"ãã ¢FWVæFVæ6–W3 ¢tG2ÖÖ÷'‚ö6öÖÖöâs¢ãã¢6öFRÖ&Æö6²×w&—FW#¢ãã ¢G2×FööÆ&VÇDbãRãS¢·Ð ¢G6Æ–$"ã‚ã¢·Ð ¢G7„Bã#ã ¢FWVæFVæ6–W3 ¢W6'V–ÆC¢ã#rã ¢vWB×G66öæf–s¢BãBã¢÷F–öæÄFWVæFVæ6–W3 ¢g6WfVçG3¢"ã2ã0 ¢G—W67&—DRã’ã3¢·Ð ¢G—W67&—Drãã# ¢÷F–öæÄFWVæFVæ6–W3 ¢tG—W67&—B÷G—W67&—BÖ—‚×3cBs¢rãã ¢tG—W67&—B÷G—W67&—BÖF'v–âÖ&ÓcBs¢rãã ¢tG—W67&—B÷G—W67&—BÖF'v–â×ƒcBs¢rãã ¢tG—W67&—B÷G—W67&—BÖg&VV'6BÖ&ÓcBs¢rãã ¢tG—W67&—B÷G—W67&—BÖg&VV'6B×ƒcBs¢rãã ¢tG—W67&—B÷G—W67&—BÖÆ–çW‚Ö&Òs¢rãã ¢tG—W67&—B÷G—W67&—BÖÆ–çW‚Ö&ÓcBs¢rãã ¢tG—W67&—B÷G—W67&—BÖÆ–çW‚ÖÆööæscBs¢rãã ¢tG—W67&—B÷G—W67&—BÖÆ–çW‚ÖÖ—3cFVÂs¢rãã ¢tG—W67&—B÷G—W67&—BÖÆ–çW‚×3cBs¢rãã ¢tG—W67&—B÷G—W67&—BÖÆ–çW‚×&—67ccBs¢rãã ¢tG—W67&—B÷G—W67&—BÖÆ–çW‚×33“‚s¢rãã ¢tG—W67&—B÷G—W67&—BÖÆ–çW‚×ƒcBs¢rãã ¢tG—W67&—B÷G—W67&—BÖæWF'6BÖ&ÓcBs¢rãã ¢tG—W67&—B÷G—W67&—BÖæWF'6B×ƒcBs¢rãã ¢tG—W67&—B÷G—W67&—BÖ÷Væ'6BÖ&ÓcBs¢rãã ¢tG—W67&—B÷G—W67&—BÖ÷Væ'6B×ƒcBs¢rãã ¢tG—W67&—B÷G—W67&—B×7Væ÷2×ƒcBs¢rãã ¢tG—W67&—B÷G—W67&—B×v–ã3"Ö&ÓcBs¢rãã ¢tG—W67&—B÷G—W67&—B×v–ã3"×ƒcBs¢rãã  ¢V–B×&öÖ—6Tãã¢·Ð ¢VæF–6’×G—W4Rã#bãS¢·Ð ¢VæF–6’×G—W4‚ã2ã¢·Ð ¢VæF–6”Rã#‚ãC ¢FWVæFVæ6–W3 ¢tf7F–g’ö'W6&÷’s¢"ãã ¢VæF–6”Rã#’ã ¢FWVæFVæ6–W3 ¢tf7F–g’ö'W6&÷’s¢"ãã ¢VæF–6”bã#‚ã¢·Ð ¢VæF–6”rã#’ã¢·Ð ¢Væ—fW'6Æ–g”"ãã¢·Ð ¢Vç—Tãã¢·Ð ¢W&’Ö§4BãBã ¢FWVæFVæ6–W3 ¢Vç–6öFS¢"ã2ã ¢WV–DBãã¢·Ð ¢fW&6VÄS‚ã’ã„VÖæ’ö6÷&Tãã2’„VÖæ’÷'VçF–ÖTãã2“ ¢FWVæFVæ6–W3 ¢tfW&6VÂö&6¶VæG2s¢ã‚ã3B„VÖæ’ö6÷&Tãã2’„VÖæ’÷'VçF–ÖTãã2¢tfW&6VÂö&Æö"s¢"ãBã ¢tfW&6VÂö'V–ÆB×WF–Ç2s¢Bãã0¢tfW&6VÂö6Æ’ÖWF‚s¢ã2ã ¢tfW&6VÂö6Æ’Ö6öæf–rs¢ã"ã ¢tfW&6VÂö6öçF–æW"s¢ãã¢tfW&6VÂöFWFV7BÖvVçBs¢ã"ã@¢tfW&6VÂöVÇ—6–s¢ãã¢tfW&6VÂöW‡&W72s¢ãã#R„VÖæ’ö6÷&Tãã2’„VÖæ’÷'VçF–ÖTãã2¢tfW&6VÂöf7F–g’s¢ãã@¢tfW&6VÂögVâs¢ã2ã ¢tfW&6VÂövòs¢2ãã@¢tfW&6VÂöƒ2s¢ãã# ¢tfW&6VÂö†öæòs¢ã"ã@¢tfW&6VÂö‡–G&övVâs¢ãBã¢tfW&6VÂö¶ös¢ãã“@¢tfW&6VÂöæW7F§2s¢ã"ãP¢tfW&6VÂöæW‡Bs¢Bã#ã ¢tfW&6VÂöæöFRs¢Rã’ãp¢tfW&6VÂ÷&W&RÖfÆw2ÖFVf–æ—F–öç2s¢ã2ã ¢tfW&6VÂ÷—F†öâs¢bãSbã ¢tfW&6VÂ÷&VGvööBs¢"ãRã¢tfW&6VÂ÷&VÖ—‚Ö'V–ÆFW"s¢Rã’ã ¢tfW&6VÂ÷'V'’s¢"ãRã¢tfW&6VÂ÷'W7Bs¢ãBã¢tfW&6VÂ÷7FF–2Ö'V–ÆBs¢"ã"ã0¢6†ö¶–F#¢Bãã ¢W6'V–ÆC¢ã#rã ¢¦÷6S¢Rã’ã`¢§6öæ2×'6W#¢2ã2ã¢ÇW†öã¢2ãrã ¢6æF&÷ƒ¢2ãBã ¢6ÖöÂ×FöÖÃ¢ãRã ¢VæF–6“¢Rã#’ã ¢WV–C¢Bãã¢¦öC¢Bãã¢÷F–öæÄFWVæFVæ6–W3 ¢tfW&6VÂ÷f2ÖæF—fRÖF'v–âÖ&ÓcBs¢S‚ã’ã ¢tfW&6VÂ÷f2ÖæF—fRÖF'v–â×ƒcBs¢S‚ã’ã ¢tfW&6VÂ÷f2ÖæF—fRÖÆ–çW‚Ö&ÓcBs¢S‚ã’ã ¢tfW&6VÂ÷f2ÖæF—fRÖÆ–çW‚×ƒcBs¢S‚ã’ã ¢G&ç6—F—fUVW$FWVæFVæ6–W3 ¢ÒtVÖæ’ö6÷&Rp¢ÒtVÖæ’÷'VçF–ÖRp¢Ò&&RÖ&÷'BÖ6öçG&öÆÆW ¢Ò'VffW'WF–À¢ÒVæ6öF–æp¢Ò&V7BÖæF—fRÖ#F¢Ò&öÆÇW ¢Ò7W÷'G2Ö6öÆ÷ ¢ÒWFbÓ‚×fÆ–FFP ¢vV"×f—FÇ4ã"ãC¢·Ð ¢vV&–FÂÖ6öçfW'6–öç42ãã¢·Ð ¢v†Gvr×W&ÄRãã ¢FWVæFVæ6–W3 ¢G#Cc¢ãã0¢vV&–FÂÖ6öçfW'6–öç3¢2ãã ¢v†–6„"ãã# ¢FWVæFVæ6–W3 ¢—6W†S¢"ãã  ¢w&”ãã#¢·Ð ¢w4‚ã#ã3¢·Ð ¢†FrÖ×F‡4Rãã ¢FWVæFVæ6–W3 ¢†Fr×÷'F&ÆS¢rã2ã  ¢†FrÖ×F‡4RãRã ¢FWVæFVæ6–W3 ¢÷2×F‡3¢BãBã ¢†Fr×÷'F&ÆS¢rã2ã  ¢†Fr×÷'F&ÆTrã2ã ¢FWVæFVæ6–W3 ¢÷2×F‡3¢BãBã  ¢–ÆÆ—7DBãã¢·Ð ¢–ÆÆ—7DRãã¢·Ð ¢–W¦ÂÖ6ÆöæTããC ¢FWVæFVæ6–W3 ¢WfVçG2Ö–çFW&6WC¢"ãã  ¢–W¦Â×&öÖ—6T"ãã3 ¢FWVæFVæ6–W3 ¢–W¦Ã¢"ãã ¢–W¦ÂÖ6ÆöæS¢ãã@ ¢–W¦Ä"ãã ¢FWVæFVæ6–W3 ¢'VffW"Ö7&33#¢ã"ã0¢fB×6Æ–6W#¢ãã  ¢¦öD2ã#"ãC¢·Ð ¢¦öDBãã¢·Ð 